
Microsoft Visual Studio Solution File, Format Version 12.00
# Visual Studio 14
VisualStudioVersion = 14.0.25420.1
MinimumVisualStudioVersion = 10.0.40219.1
Project("{2150E333-8FDC-42A3-9474-1A3956D46DE8}") = "src", "src", "{F3441858-3E69-44D6-A164-A18FE4C16151}"
EndProject
Project("{2150E333-8FDC-42A3-9474-1A3956D46DE8}") = "Solution Items", "Solution Items", "{5730BC6D-4E17-41D4-BF55-EBA88E1F4897}"
	ProjectSection(SolutionItems) = preProject
		global.json = global.json
	EndProjectSection
EndProject
Project("{8BB2217D-0F2D-49D1-97BC-3654ED321F3B}") = "Tarusho.Server", "src\Tarusho.Server\Tarusho.Server.xproj", "{EBCD7B50-0BBF-4E91-8038-8CCEBEC4E9B9}"
EndProject
Global
	GlobalSection(SolutionConfigurationPlatforms) = preSolution
		Debug|Any CPU = Debug|Any CPU
		Release|Any CPU = Release|Any CPU
	EndGlobalSection
	GlobalSection(ProjectConfigurationPlatforms) = postSolution
		{EBCD7B50-0BBF-4E91-8038-8CCEBEC4E9B9}.Debug|Any CPU.ActiveCfg = Debug|Any CPU
		{EBCD7B50-0BBF-4E91-8038-8CCEBEC4E9B9}.Debug|Any CPU.Build.0 = Debug|Any CPU
		{EBCD7B50-0BBF-4E91-8038-8CCEBEC4E9B9}.Release|Any CPU.ActiveCfg = Release|Any CPU
		{EBCD7B50-0BBF-4E91-8038-8CCEBEC4E9B9}.Release|Any CPU.Build.0 = Release|Any CPU
	EndGlobalSection
	GlobalSection(SolutionProperties) = preSolution
		HideSolutionNode = FALSE
	EndGlobalSection
	GlobalSection(NestedProjects) = preSolution
		{EBCD7B50-0BBF-4E91-8038-8CCEBEC4E9B9} = {F3441858-3E69-44D6-A164-A18FE4C16151}
	EndGlobalSection
EndGlobal
